
Microsoft Visual Studio Solution File, Format Version 12.00
# Visual Studio Version 16
VisualStudioVersion = 16.0.31025.194
MinimumVisualStudioVersion = 10.0.40219.1
Project("{FAE04EC0-301F-11D3-BF4B-00C04F79EFBC}") = "ListboxWinApp", "ListboxWinApp\ListboxWinApp.csproj", "{5BE6F476-CCE4-4900-B988-12D6D2B1AE9C}"
EndProject
Project("{FAE04EC0-301F-11D3-BF4B-00C04F79EFBC}") = "RestaurantSellApp", "RestaurantSellApp\RestaurantSellApp.csproj", "{2161821A-831B-413D-A103-C97F9DAD514C}"
EndProject
Project("{FAE04EC0-301F-11D3-BF4B-00C04F79EFBC}") = "WishTravelApp", "WishTravelApp\WishTravelApp.csproj", "{E1388BA7-1719-4C01-B788-DB12F34AC7E3}"
EndProject
Project("{FAE04EC0-301F-11D3-BF4B-00C04F79EFBC}") = "ListViewApp", "ListViewApp\ListViewApp.csproj", "{240D2A60-9E28-4456-B469-4B3E1BCA3D15}"
EndProject
Project("{FAE04EC0-301F-11D3-BF4B-00C04F79EFBC}") = "StudyHistoryApp", "StudyHistoryApp\StudyHistoryApp.csproj", "{0244A811-1DB9-4AC4-A195-0970F05E8180}"
EndProject
Project("{FAE04EC0-301F-11D3-BF4B-00C04F79EFBC}") = "DigitalClockApp", "DigitalClockApp\DigitalClockApp.csproj", "{5CCC8747-5BFB-483A-89AA-EF2ACE0A7F1E}"
EndProject
Project("{FAE04EC0-301F-11D3-BF4B-00C04F79EFBC}") = "DateCalApp", "DateCalApp\DateCalApp.csproj", "{ED4A25CF-12B0-49B0-8F24-6D915168A297}"
EndProject
Project("{FAE04EC0-301F-11D3-BF4B-00C04F79EFBC}") = "DigitalAlarmClockApp", "DigitalAlarmClockApp\DigitalAlarmClockApp.csproj", "{C766A50B-9819-417A-8EBC-AC2786A5E7F0}"
EndProject
Project("{FAE04EC0-301F-11D3-BF4B-00C04F79EFBC}") = "MoviePlayerApp", "MoviePlayerApp\MoviePlayerApp.csproj", "{3862B08F-C19D-4F38-9B51-D1BE8C720F54}"
EndProject
Project("{FAE04EC0-301F-11D3-BF4B-00C04F79EFBC}") = "TextViewerApp", "TextViewerApp\TextViewerApp.csproj", "{FF5369A5-448D-418B-A488-FFDFC57F1EFB}"
EndProject
Project("{FAE04EC0-301F-11D3-BF4B-00C04F79EFBC}") = "SimpleGraphicEditor", "SimpleGraphicEditor\SimpleGraphicEditor.csproj", "{80E73CA2-54A9-44FE-B25D-9B74B49EE2EC}"
EndProject
Project("{FAE04EC0-301F-11D3-BF4B-00C04F79EFBC}") = "HelloWpfApp", "HelloWpfApp\HelloWpfApp.csproj", "{23EA518C-62DA-4E30-85F0-D4D8737A9921}"
EndProject
Project("{FAE04EC0-301F-11D3-BF4B-00C04F79EFBC}") = "WpfLayoutApp", "WpfLayoutApp\WpfLayoutApp.csproj", "{38405829-BDFA-4167-9D85-6D7DE1CFA2CC}"
EndProject
Project("{FAE04EC0-301F-11D3-BF4B-00C04F79EFBC}") = "BMICalApp", "BMICalApp\BMICalApp.csproj", "{F61B50AE-5D37-4BF1-A2CE-325238513DE9}"
EndProject
Project("{FAE04EC0-301F-11D3-BF4B-00C04F79EFBC}") = "BlinkerApp", "BlinkerApp\BlinkerApp.csproj", "{0F53797D-0919-4A88-9279-E4C0790D27A9}"
EndProject
Global
	GlobalSection(SolutionConfigurationPlatforms) = preSolution
		Debug|Any CPU = Debug|Any CPU
		Release|Any CPU = Release|Any CPU
	EndGlobalSection
	GlobalSection(ProjectConfigurationPlatforms) = postSolution
		{5BE6F476-CCE4-4900-B988-12D6D2B1AE9C}.Debug|Any CPU.ActiveCfg = Debug|Any CPU
		{5BE6F476-CCE4-4900-B988-12D6D2B1AE9C}.Debug|Any CPU.Build.0 = Debug|Any CPU
		{5BE6F476-CCE4-4900-B988-12D6D2B1AE9C}.Release|Any CPU.ActiveCfg = Release|Any CPU
		{5BE6F476-CCE4-4900-B988-12D6D2B1AE9C}.Release|Any CPU.Build.0 = Release|Any CPU
		{2161821A-831B-413D-A103-C97F9DAD514C}.Debug|Any CPU.ActiveCfg = Debug|Any CPU
		{2161821A-831B-413D-A103-C97F9DAD514C}.Debug|Any CPU.Build.0 = Debug|Any CPU
		{2161821A-831B-413D-A103-C97F9DAD514C}.Release|Any CPU.ActiveCfg = Release|Any CPU
		{2161821A-831B-413D-A103-C97F9DAD514C}.Release|Any CPU.Build.0 = Release|Any CPU
		{E1388BA7-1719-4C01-B788-DB12F34AC7E3}.Debug|Any CPU.ActiveCfg = Debug|Any CPU
		{E1388BA7-1719-4C01-B788-DB12F34AC7E3}.Debug|Any CPU.Build.0 = Debug|Any CPU
		{E1388BA7-1719-4C01-B788-DB12F34AC7E3}.Release|Any CPU.ActiveCfg = Release|Any CPU
		{E1388BA7-1719-4C01-B788-DB12F34AC7E3}.Release|Any CPU.Build.0 = Release|Any CPU
		{240D2A60-9E28-4456-B469-4B3E1BCA3D15}.Debug|Any CPU.ActiveCfg = Debug|Any CPU
		{240D2A60-9E28-4456-B469-4B3E1BCA3D15}.Debug|Any CPU.Build.0 = Debug|Any CPU
		{240D2A60-9E28-4456-B469-4B3E1BCA3D15}.Release|Any CPU.ActiveCfg = Release|Any CPU
		{240D2A60-9E28-4456-B469-4B3E1BCA3D15}.Release|Any CPU.Build.0 = Release|Any CPU
		{0244A811-1DB9-4AC4-A195-0970F05E8180}.Debug|Any CPU.ActiveCfg = Debug|Any CPU
		{0244A811-1DB9-4AC4-A195-0970F05E8180}.Debug|Any CPU.Build.0 = Debug|Any CPU
		{0244A811-1DB9-4AC4-A195-0970F05E8180}.Release|Any CPU.ActiveCfg = Release|Any CPU
		{0244A811-1DB9-4AC4-A195-0970F05E8180}.Release|Any CPU.Build.0 = Release|Any CPU
		{5CCC8747-5BFB-483A-89AA-EF2ACE0A7F1E}.Debug|Any CPU.ActiveCfg = Debug|Any CPU
		{5CCC8747-5BFB-483A-89AA-EF2ACE0A7F1E}.Debug|Any CPU.Build.0 = Debug|Any CPU
		{5CCC8747-5BFB-483A-89AA-EF2ACE0A7F1E}.Release|Any CPU.ActiveCfg = Release|Any CPU
		{5CCC8747-5BFB-483A-89AA-EF2ACE0A7F1E}.Release|Any CPU.Build.0 = Release|Any CPU
		{ED4A25CF-12B0-49B0-8F24-6D915168A297}.Debug|Any CPU.ActiveCfg = Debug|Any CPU
		{ED4A25CF-12B0-49B0-8F24-6D915168A297}.Debug|Any CPU.Build.0 = Debug|Any CPU
		{ED4A25CF-12B0-49B0-8F24-6D915168A297}.Release|Any CPU.ActiveCfg = Release|Any CPU
		{ED4A25CF-12B0-49B0-8F24-6D915168A297}.Release|Any CPU.Build.0 = Release|Any CPU
		{C766A50B-9819-417A-8EBC-AC2786A5E7F0}.Debug|Any CPU.ActiveCfg = Debug|Any CPU
		{C766A50B-9819-417A-8EBC-AC2786A5E7F0}.Debug|Any CPU.Build.0 = Debug|Any CPU
		{C766A50B-9819-417A-8EBC-AC2786A5E7F0}.Release|Any CPU.ActiveCfg = Release|Any CPU
		{C766A50B-9819-417A-8EBC-AC2786A5E7F0}.Release|Any CPU.Build.0 = Release|Any CPU
		{3862B08F-C19D-4F38-9B51-D1BE8C720F54}.Debug|Any CPU.ActiveCfg = Debug|Any CPU
		{3862B08F-C19D-4F38-9B51-D1BE8C720F54}.Debug|Any CPU.Build.0 = Debug|Any CPU
		{3862B08F-C19D-4F38-9B51-D1BE8C720F54}.Release|Any CPU.ActiveCfg = Release|Any CPU
		{3862B08F-C19D-4F38-9B51-D1BE8C720F54}.Release|Any CPU.Build.0 = Release|Any CPU
		{FF5369A5-448D-418B-A488-FFDFC57F1EFB}.Debug|Any CPU.ActiveCfg = Debug|Any CPU
		{FF5369A5-448D-418B-A488-FFDFC57F1EFB}.Debug|Any CPU.Build.0 = Debug|Any CPU
		{FF5369A5-448D-418B-A488-FFDFC57F1EFB}.Release|Any CPU.ActiveCfg = Release|Any CPU
		{FF5369A5-448D-418B-A488-FFDFC57F1EFB}.Release|Any CPU.Build.0 = Release|Any CPU
		{80E73CA2-54A9-44FE-B25D-9B74B49EE2EC}.Debug|Any CPU.ActiveCfg = Debug|Any CPU
		{80E73CA2-54A9-44FE-B25D-9B74B49EE2EC}.Debug|Any CPU.Build.0 = Debug|Any CPU
		{80E73CA2-54A9-44FE-B25D-9B74B49EE2EC}.Release|Any CPU.ActiveCfg = Release|Any CPU
		{80E73CA2-54A9-44FE-B25D-9B74B49EE2EC}.Release|Any CPU.Build.0 = Release|Any CPU
		{23EA518C-62DA-4E30-85F0-D4D8737A9921}.Debug|Any CPU.ActiveCfg = Debug|Any CPU
		{23EA518C-62DA-4E30-85F0-D4D8737A9921}.Debug|Any CPU.Build.0 = Debug|Any CPU
		{23EA518C-62DA-4E30-85F0-D4D8737A9921}.Release|Any CPU.ActiveCfg = Release|Any CPU
		{23EA518C-62DA-4E30-85F0-D4D8737A9921}.Release|Any CPU.Build.0 = Release|Any CPU
		{38405829-BDFA-4167-9D85-6D7DE1CFA2CC}.Debug|Any CPU.ActiveCfg = Debug|Any CPU
		{38405829-BDFA-4167-9D85-6D7DE1CFA2CC}.Debug|Any CPU.Build.0 = Debug|Any CPU
		{38405829-BDFA-4167-9D85-6D7DE1CFA2CC}.Release|Any CPU.ActiveCfg = Release|Any CPU
		{38405829-BDFA-4167-9D85-6D7DE1CFA2CC}.Release|Any CPU.Build.0 = Release|Any CPU
		{F61B50AE-5D37-4BF1-A2CE-325238513DE9}.Debug|Any CPU.ActiveCfg = Debug|Any CPU
		{F61B50AE-5D37-4BF1-A2CE-325238513DE9}.Debug|Any CPU.Build.0 = Debug|Any CPU
		{F61B50AE-5D37-4BF1-A2CE-325238513DE9}.Release|Any CPU.ActiveCfg = Release|Any CPU
		{F61B50AE-5D37-4BF1-A2CE-325238513DE9}.Release|Any CPU.Build.0 = Release|Any CPU
		{0F53797D-0919-4A88-9279-E4C0790D27A9}.Debug|Any CPU.ActiveCfg = Debug|Any CPU
		{0F53797D-0919-4A88-9279-E4C0790D27A9}.Debug|Any CPU.Build.0 = Debug|Any CPU
		{0F53797D-0919-4A88-9279-E4C0790D27A9}.Release|Any CPU.ActiveCfg = Release|Any CPU
		{0F53797D-0919-4A88-9279-E4C0790D27A9}.Release|Any CPU.Build.0 = Release|Any CPU
	EndGlobalSection
	GlobalSection(SolutionProperties) = preSolution
		HideSolutionNode = FALSE
	EndGlobalSection
	GlobalSection(ExtensibilityGlobals) = postSolution
		SolutionGuid = {FB020AB2-A810-4D82-9557-CBE7E31AE89A}
	EndGlobalSection
EndGlobal
